<?xml version="1.0" encoding="utf-8"?>
<!--
xmake version 2.9.9+dev.a6af349ad

  This file is auto generated by xmake.

  Please DO NOT EDIT since all your modification will lost after re-generation.
  See https://github.com/xmake-io/xmake/pull/472 for more infomation.
-->
<Project ToolsVersion="4.0" xmlns="http://schemas.microsoft.com/developer/msbuild/2003">
  <ItemGroup>
    <Filter Include="Properties">
      <UniqueIdentifier>{CC7C6180-942D-056E-3227-E6A2B3FB19CD}</UniqueIdentifier>
    </Filter>
    <Filter Include="src">
      <UniqueIdentifier>{491FBF00-292E-479F-8C8F-7A2AC045023A}</UniqueIdentifier>
    </Filter>
    <Filter Include="src\geometry">
      <UniqueIdentifier>{C25D91CF-1DC4-41E6-8E0D-BC5628EEABC7}</UniqueIdentifier>
    </Filter>
    <Filter Include="src\rendering">
      <UniqueIdentifier>{3F777A99-3E74-41C7-9610-0FF21500594F}</UniqueIdentifier>
    </Filter>
    <Filter Include="src\sim">
      <UniqueIdentifier>{EAAB69E3-F253-4E22-9941-9DC8D07D7489}</UniqueIdentifier>
    </Filter>
    <Filter Include="src\ui">
      <UniqueIdentifier>{3FB542FB-C90C-4AE8-B800-A12B8C2AECE6}</UniqueIdentifier>
    </Filter>

  </ItemGroup>
  <ItemGroup>
    <None Include="$(MSBuildProjectDirectory)\Xmake.Custom.props">
      <Filter>Properties</Filter>
    </None>
    <None Include="$(MSBuildProjectDirectory)\Xmake.Custom.targets">
      <Filter>Properties</Filter>
    </None>
    <None Include="$(MSBuildProjectDirectory)\Xmake.Custom.items">
      <Filter>Properties</Filter>
    </None>
    <None Include="$(MSBuildProjectDirectory)\Xmake.Custom.items.filters">
      <Filter>Properties</Filter>
    </None>
    <None Include="$(XmakeScriptDir)\xmake.lua">
      <Filter>Properties</Filter>
    </None>
  </ItemGroup>
  <ItemGroup>


  </ItemGroup>
  <ItemGroup>

    <ClCompile Include="$(XmakeProjectDir)\src\geometry\icosphere.cpp">
      <Filter>src\geometry</Filter>
    </ClCompile>
    <ClCompile Include="$(XmakeProjectDir)\src\geometry\octree.cpp">
      <Filter>src\geometry</Filter>
    </ClCompile>
    <ClCompile Include="$(XmakeProjectDir)\src\main.cpp">
      <Filter>src</Filter>
    </ClCompile>
    <ClCompile Include="$(XmakeProjectDir)\src\rendering\camera.cpp">
      <Filter>src\rendering</Filter>
    </ClCompile>
    <ClCompile Include="$(XmakeProjectDir)\src\rendering\icosphere.cpp">
      <Filter>src\rendering</Filter>
    </ClCompile>
    <ClCompile Include="$(XmakeProjectDir)\src\rendering\octree.cpp">
      <Filter>src\rendering</Filter>
    </ClCompile>
    <ClCompile Include="$(XmakeProjectDir)\src\rendering\shader.cpp">
      <Filter>src\rendering</Filter>
    </ClCompile>
    <ClCompile Include="$(XmakeProjectDir)\src\sim\Sim.cpp">
      <Filter>src\sim</Filter>
    </ClCompile>
    <ClCompile Include="$(XmakeProjectDir)\src\ui\bodyInfo.cpp">
      <Filter>src\ui</Filter>
    </ClCompile>
    <ClCompile Include="$(XmakeProjectDir)\src\ui\debug.cpp">
      <Filter>src\ui</Filter>
    </ClCompile>
    <ClCompile Include="$(XmakeProjectDir)\src\ui\menubar.cpp">
      <Filter>src\ui</Filter>
    </ClCompile>
    <ClCompile Include="$(XmakeProjectDir)\src\ui\topbar.cpp">
      <Filter>src\ui</Filter>
    </ClCompile>
    <ClCompile Include="$(XmakeProjectDir)\src\ui\ui.cpp">
      <Filter>src\ui</Filter>
    </ClCompile>
    <ClCompile Include="$(XmakeProjectDir)\src\window.cpp">
      <Filter>src</Filter>
    </ClCompile>



  </ItemGroup>
  <ItemGroup>

  </ItemGroup>
  <ItemGroup>




  </ItemGroup>
  <Import Condition="Exists('$(MSBuildThisFileDirectory)\Xmake.Custom.files.filters')"
    Project="$(MSBuildThisFileDirectory)\Xmake.Custom.files.filters" />
</Project>
