<?xml version="1.0" encoding="utf-8"?>
<!--
xmake version 2.9.9+dev.a6af349ad

  This file is auto generated by xmake.

  Please DO NOT EDIT since all your modification will lost after re-generation.
  See https://github.com/xmake-io/xmake/pull/472 for more infomation.
-->
<Project ToolsVersion="4.0" xmlns="http://schemas.microsoft.com/developer/msbuild/2003">
  <ItemGroup>
    <Filter Include="Properties">
      <UniqueIdentifier>{CC7C6180-942D-056E-3227-E6A2B3FB19CD}</UniqueIdentifier>
    </Filter>
    <Filter Include="vendor">
      <UniqueIdentifier>{CD448417-32E6-47AB-81EA-11B644332010}</UniqueIdentifier>
    </Filter>
    <Filter Include="vendor\spdlog">
      <UniqueIdentifier>{22D9DAA2-8BA6-470D-B530-0DCCDCB390E5}</UniqueIdentifier>
    </Filter>
    <Filter Include="vendor\spdlog\src">
      <UniqueIdentifier>{968C6E6F-706F-476F-8F48-5F0C5F5BD853}</UniqueIdentifier>
    </Filter>

  </ItemGroup>
  <ItemGroup>
    <None Include="$(MSBuildProjectDirectory)\Xmake.Custom.props">
      <Filter>Properties</Filter>
    </None>
    <None Include="$(MSBuildProjectDirectory)\Xmake.Custom.targets">
      <Filter>Properties</Filter>
    </None>
    <None Include="$(MSBuildProjectDirectory)\Xmake.Custom.items">
      <Filter>Properties</Filter>
    </None>
    <None Include="$(MSBuildProjectDirectory)\Xmake.Custom.items.filters">
      <Filter>Properties</Filter>
    </None>
    <None Include="$(XmakeScriptDir)\xmake.lua">
      <Filter>Properties</Filter>
    </None>
  </ItemGroup>
  <ItemGroup>


  </ItemGroup>
  <ItemGroup>

    <ClCompile Include="$(XmakeProjectDir)\vendor\spdlog\src\async.cpp">
      <Filter>vendor\spdlog\src</Filter>
    </ClCompile>
    <ClCompile Include="$(XmakeProjectDir)\vendor\spdlog\src\bundled_fmtlib_format.cpp">
      <Filter>vendor\spdlog\src</Filter>
    </ClCompile>
    <ClCompile Include="$(XmakeProjectDir)\vendor\spdlog\src\cfg.cpp">
      <Filter>vendor\spdlog\src</Filter>
    </ClCompile>
    <ClCompile Include="$(XmakeProjectDir)\vendor\spdlog\src\color_sinks.cpp">
      <Filter>vendor\spdlog\src</Filter>
    </ClCompile>
    <ClCompile Include="$(XmakeProjectDir)\vendor\spdlog\src\file_sinks.cpp">
      <Filter>vendor\spdlog\src</Filter>
    </ClCompile>
    <ClCompile Include="$(XmakeProjectDir)\vendor\spdlog\src\spdlog.cpp">
      <Filter>vendor\spdlog\src</Filter>
    </ClCompile>
    <ClCompile Include="$(XmakeProjectDir)\vendor\spdlog\src\stdout_sinks.cpp">
      <Filter>vendor\spdlog\src</Filter>
    </ClCompile>



  </ItemGroup>
  <ItemGroup>

  </ItemGroup>
  <ItemGroup>




  </ItemGroup>
  <Import Condition="Exists('$(MSBuildThisFileDirectory)\Xmake.Custom.files.filters')"
    Project="$(MSBuildThisFileDirectory)\Xmake.Custom.files.filters" />
</Project>
