<?xml version="1.0" encoding="utf-8"?>
<!--
xmake version 2.9.9+dev.a6af349ad

  This file is auto generated by xmake.

  Please DO NOT EDIT since all your modification will lost after re-generation.
  See https://github.com/xmake-io/xmake/pull/472 for more infomation.
-->
<Project ToolsVersion="4.0" xmlns="http://schemas.microsoft.com/developer/msbuild/2003">
  <ItemGroup>
    <Filter Include="Properties">
      <UniqueIdentifier>{CC7C6180-942D-056E-3227-E6A2B3FB19CD}</UniqueIdentifier>
    </Filter>
    <Filter Include="vendor">
      <UniqueIdentifier>{CD448417-32E6-47AB-81EA-11B644332010}</UniqueIdentifier>
    </Filter>
    <Filter Include="vendor\glad">
      <UniqueIdentifier>{FBB9BFC0-BC95-402C-88CC-7F8E125FB3E7}</UniqueIdentifier>
    </Filter>
    <Filter Include="vendor\glad\include">
      <UniqueIdentifier>{0F9EB606-F4C3-4C8F-8DB5-D42F448F1EDF}</UniqueIdentifier>
    </Filter>
    <Filter Include="vendor\glad\include\KHR">
      <UniqueIdentifier>{C4C77EDB-CA0A-4BB7-BB15-EB6F898F71AC}</UniqueIdentifier>
    </Filter>
    <Filter Include="vendor\glad\include\glad">
      <UniqueIdentifier>{D7D4CFBB-6F55-4E05-B29C-4439F0CFD2C2}</UniqueIdentifier>
    </Filter>
    <Filter Include="vendor\glad\src">
      <UniqueIdentifier>{D1568E4A-B4CC-4595-826F-A60AD88FEC66}</UniqueIdentifier>
    </Filter>

  </ItemGroup>
  <ItemGroup>
    <None Include="$(MSBuildProjectDirectory)\Xmake.Custom.props">
      <Filter>Properties</Filter>
    </None>
    <None Include="$(MSBuildProjectDirectory)\Xmake.Custom.targets">
      <Filter>Properties</Filter>
    </None>
    <None Include="$(MSBuildProjectDirectory)\Xmake.Custom.items">
      <Filter>Properties</Filter>
    </None>
    <None Include="$(MSBuildProjectDirectory)\Xmake.Custom.items.filters">
      <Filter>Properties</Filter>
    </None>
    <None Include="$(XmakeScriptDir)\xmake.lua">
      <Filter>Properties</Filter>
    </None>
  </ItemGroup>
  <ItemGroup>
    <ClInclude Include="$(XmakeProjectDir)\vendor\glad\include\KHR\khrplatform.h">
      <Filter>vendor\glad\include\KHR</Filter>
    </ClInclude>
    <ClInclude Include="$(XmakeProjectDir)\vendor\glad\include\glad\gl.h">
      <Filter>vendor\glad\include\glad</Filter>
    </ClInclude>


  </ItemGroup>
  <ItemGroup>
    <ClCompile Include="$(XmakeProjectDir)\vendor\glad\src\gl.c">
      <Filter>vendor\glad\src</Filter>
    </ClCompile>




  </ItemGroup>
  <ItemGroup>

  </ItemGroup>
  <ItemGroup>




  </ItemGroup>
  <Import Condition="Exists('$(MSBuildThisFileDirectory)\Xmake.Custom.files.filters')"
    Project="$(MSBuildThisFileDirectory)\Xmake.Custom.files.filters" />
</Project>
