<?xml version="1.0" encoding="utf-8"?>
<!--
xmake version 2.9.9+dev.a6af349ad

  This file is auto generated by xmake.

  Please DO NOT EDIT since all your modification will lost after re-generation.
  See https://github.com/xmake-io/xmake/pull/472 for more infomation.
-->
<Project ToolsVersion="4.0" xmlns="http://schemas.microsoft.com/developer/msbuild/2003">
  <ItemGroup>
    <Filter Include="Properties">
      <UniqueIdentifier>{CC7C6180-942D-056E-3227-E6A2B3FB19CD}</UniqueIdentifier>
    </Filter>
    <Filter Include="vendor">
      <UniqueIdentifier>{CD448417-32E6-47AB-81EA-11B644332010}</UniqueIdentifier>
    </Filter>
    <Filter Include="vendor\glfw">
      <UniqueIdentifier>{5870A2BA-A6AE-48DC-82CA-0C14639A8008}</UniqueIdentifier>
    </Filter>
    <Filter Include="vendor\glfw\include">
      <UniqueIdentifier>{5CCFB6CA-40FE-41CD-AA78-95FB69742B46}</UniqueIdentifier>
    </Filter>
    <Filter Include="vendor\glfw\include\GLFW">
      <UniqueIdentifier>{9C8BDA32-07F4-45DE-A091-737B3F1D4F91}</UniqueIdentifier>
    </Filter>
    <Filter Include="vendor\glfw\src">
      <UniqueIdentifier>{B1B2A44B-FB93-4CF8-98A3-8483C75B24DD}</UniqueIdentifier>
    </Filter>

  </ItemGroup>
  <ItemGroup>
    <None Include="$(MSBuildProjectDirectory)\Xmake.Custom.props">
      <Filter>Properties</Filter>
    </None>
    <None Include="$(MSBuildProjectDirectory)\Xmake.Custom.targets">
      <Filter>Properties</Filter>
    </None>
    <None Include="$(MSBuildProjectDirectory)\Xmake.Custom.items">
      <Filter>Properties</Filter>
    </None>
    <None Include="$(MSBuildProjectDirectory)\Xmake.Custom.items.filters">
      <Filter>Properties</Filter>
    </None>
    <None Include="$(XmakeScriptDir)\xmake.lua">
      <Filter>Properties</Filter>
    </None>
  </ItemGroup>
  <ItemGroup>
    <ClInclude Include="$(XmakeProjectDir)\vendor\glfw\include\GLFW\glfw3.h">
      <Filter>vendor\glfw\include\GLFW</Filter>
    </ClInclude>
    <ClInclude Include="$(XmakeProjectDir)\vendor\glfw\include\GLFW\glfw3native.h">
      <Filter>vendor\glfw\include\GLFW</Filter>
    </ClInclude>
    <ClInclude Include="$(XmakeProjectDir)\vendor\glfw\src\cocoa_joystick.h">
      <Filter>vendor\glfw\src</Filter>
    </ClInclude>
    <ClInclude Include="$(XmakeProjectDir)\vendor\glfw\src\cocoa_platform.h">
      <Filter>vendor\glfw\src</Filter>
    </ClInclude>
    <ClInclude Include="$(XmakeProjectDir)\vendor\glfw\src\cocoa_time.h">
      <Filter>vendor\glfw\src</Filter>
    </ClInclude>
    <ClInclude Include="$(XmakeProjectDir)\vendor\glfw\src\internal.h">
      <Filter>vendor\glfw\src</Filter>
    </ClInclude>
    <ClInclude Include="$(XmakeProjectDir)\vendor\glfw\src\linux_joystick.h">
      <Filter>vendor\glfw\src</Filter>
    </ClInclude>
    <ClInclude Include="$(XmakeProjectDir)\vendor\glfw\src\mappings.h">
      <Filter>vendor\glfw\src</Filter>
    </ClInclude>
    <ClInclude Include="$(XmakeProjectDir)\vendor\glfw\src\null_joystick.h">
      <Filter>vendor\glfw\src</Filter>
    </ClInclude>
    <ClInclude Include="$(XmakeProjectDir)\vendor\glfw\src\null_platform.h">
      <Filter>vendor\glfw\src</Filter>
    </ClInclude>
    <ClInclude Include="$(XmakeProjectDir)\vendor\glfw\src\platform.h">
      <Filter>vendor\glfw\src</Filter>
    </ClInclude>
    <ClInclude Include="$(XmakeProjectDir)\vendor\glfw\src\posix_poll.h">
      <Filter>vendor\glfw\src</Filter>
    </ClInclude>
    <ClInclude Include="$(XmakeProjectDir)\vendor\glfw\src\posix_thread.h">
      <Filter>vendor\glfw\src</Filter>
    </ClInclude>
    <ClInclude Include="$(XmakeProjectDir)\vendor\glfw\src\posix_time.h">
      <Filter>vendor\glfw\src</Filter>
    </ClInclude>
    <ClInclude Include="$(XmakeProjectDir)\vendor\glfw\src\win32_joystick.h">
      <Filter>vendor\glfw\src</Filter>
    </ClInclude>
    <ClInclude Include="$(XmakeProjectDir)\vendor\glfw\src\win32_platform.h">
      <Filter>vendor\glfw\src</Filter>
    </ClInclude>
    <ClInclude Include="$(XmakeProjectDir)\vendor\glfw\src\win32_thread.h">
      <Filter>vendor\glfw\src</Filter>
    </ClInclude>
    <ClInclude Include="$(XmakeProjectDir)\vendor\glfw\src\win32_time.h">
      <Filter>vendor\glfw\src</Filter>
    </ClInclude>
    <ClInclude Include="$(XmakeProjectDir)\vendor\glfw\src\wl_platform.h">
      <Filter>vendor\glfw\src</Filter>
    </ClInclude>
    <ClInclude Include="$(XmakeProjectDir)\vendor\glfw\src\x11_platform.h">
      <Filter>vendor\glfw\src</Filter>
    </ClInclude>
    <ClInclude Include="$(XmakeProjectDir)\vendor\glfw\src\xkb_unicode.h">
      <Filter>vendor\glfw\src</Filter>
    </ClInclude>


  </ItemGroup>
  <ItemGroup>
    <ClCompile Include="$(XmakeProjectDir)\vendor\glfw\src\cocoa_time.c">
      <Filter>vendor\glfw\src</Filter>
    </ClCompile>
    <ClCompile Include="$(XmakeProjectDir)\vendor\glfw\src\context.c">
      <Filter>vendor\glfw\src</Filter>
    </ClCompile>
    <ClCompile Include="$(XmakeProjectDir)\vendor\glfw\src\egl_context.c">
      <Filter>vendor\glfw\src</Filter>
    </ClCompile>
    <ClCompile Include="$(XmakeProjectDir)\vendor\glfw\src\glx_context.c">
      <Filter>vendor\glfw\src</Filter>
    </ClCompile>
    <ClCompile Include="$(XmakeProjectDir)\vendor\glfw\src\init.c">
      <Filter>vendor\glfw\src</Filter>
    </ClCompile>
    <ClCompile Include="$(XmakeProjectDir)\vendor\glfw\src\input.c">
      <Filter>vendor\glfw\src</Filter>
    </ClCompile>
    <ClCompile Include="$(XmakeProjectDir)\vendor\glfw\src\linux_joystick.c">
      <Filter>vendor\glfw\src</Filter>
    </ClCompile>
    <ClCompile Include="$(XmakeProjectDir)\vendor\glfw\src\monitor.c">
      <Filter>vendor\glfw\src</Filter>
    </ClCompile>
    <ClCompile Include="$(XmakeProjectDir)\vendor\glfw\src\null_init.c">
      <Filter>vendor\glfw\src</Filter>
    </ClCompile>
    <ClCompile Include="$(XmakeProjectDir)\vendor\glfw\src\null_joystick.c">
      <Filter>vendor\glfw\src</Filter>
    </ClCompile>
    <ClCompile Include="$(XmakeProjectDir)\vendor\glfw\src\null_monitor.c">
      <Filter>vendor\glfw\src</Filter>
    </ClCompile>
    <ClCompile Include="$(XmakeProjectDir)\vendor\glfw\src\null_window.c">
      <Filter>vendor\glfw\src</Filter>
    </ClCompile>
    <ClCompile Include="$(XmakeProjectDir)\vendor\glfw\src\osmesa_context.c">
      <Filter>vendor\glfw\src</Filter>
    </ClCompile>
    <ClCompile Include="$(XmakeProjectDir)\vendor\glfw\src\platform.c">
      <Filter>vendor\glfw\src</Filter>
    </ClCompile>
    <ClCompile Include="$(XmakeProjectDir)\vendor\glfw\src\posix_module.c">
      <Filter>vendor\glfw\src</Filter>
    </ClCompile>
    <ClCompile Include="$(XmakeProjectDir)\vendor\glfw\src\posix_poll.c">
      <Filter>vendor\glfw\src</Filter>
    </ClCompile>
    <ClCompile Include="$(XmakeProjectDir)\vendor\glfw\src\posix_thread.c">
      <Filter>vendor\glfw\src</Filter>
    </ClCompile>
    <ClCompile Include="$(XmakeProjectDir)\vendor\glfw\src\posix_time.c">
      <Filter>vendor\glfw\src</Filter>
    </ClCompile>
    <ClCompile Include="$(XmakeProjectDir)\vendor\glfw\src\vulkan.c">
      <Filter>vendor\glfw\src</Filter>
    </ClCompile>
    <ClCompile Include="$(XmakeProjectDir)\vendor\glfw\src\wgl_context.c">
      <Filter>vendor\glfw\src</Filter>
    </ClCompile>
    <ClCompile Include="$(XmakeProjectDir)\vendor\glfw\src\win32_init.c">
      <Filter>vendor\glfw\src</Filter>
    </ClCompile>
    <ClCompile Include="$(XmakeProjectDir)\vendor\glfw\src\win32_joystick.c">
      <Filter>vendor\glfw\src</Filter>
    </ClCompile>
    <ClCompile Include="$(XmakeProjectDir)\vendor\glfw\src\win32_module.c">
      <Filter>vendor\glfw\src</Filter>
    </ClCompile>
    <ClCompile Include="$(XmakeProjectDir)\vendor\glfw\src\win32_monitor.c">
      <Filter>vendor\glfw\src</Filter>
    </ClCompile>
    <ClCompile Include="$(XmakeProjectDir)\vendor\glfw\src\win32_thread.c">
      <Filter>vendor\glfw\src</Filter>
    </ClCompile>
    <ClCompile Include="$(XmakeProjectDir)\vendor\glfw\src\win32_time.c">
      <Filter>vendor\glfw\src</Filter>
    </ClCompile>
    <ClCompile Include="$(XmakeProjectDir)\vendor\glfw\src\win32_window.c">
      <Filter>vendor\glfw\src</Filter>
    </ClCompile>
    <ClCompile Include="$(XmakeProjectDir)\vendor\glfw\src\window.c">
      <Filter>vendor\glfw\src</Filter>
    </ClCompile>
    <ClCompile Include="$(XmakeProjectDir)\vendor\glfw\src\wl_init.c">
      <Filter>vendor\glfw\src</Filter>
    </ClCompile>
    <ClCompile Include="$(XmakeProjectDir)\vendor\glfw\src\wl_monitor.c">
      <Filter>vendor\glfw\src</Filter>
    </ClCompile>
    <ClCompile Include="$(XmakeProjectDir)\vendor\glfw\src\wl_window.c">
      <Filter>vendor\glfw\src</Filter>
    </ClCompile>
    <ClCompile Include="$(XmakeProjectDir)\vendor\glfw\src\x11_init.c">
      <Filter>vendor\glfw\src</Filter>
    </ClCompile>
    <ClCompile Include="$(XmakeProjectDir)\vendor\glfw\src\x11_monitor.c">
      <Filter>vendor\glfw\src</Filter>
    </ClCompile>
    <ClCompile Include="$(XmakeProjectDir)\vendor\glfw\src\x11_window.c">
      <Filter>vendor\glfw\src</Filter>
    </ClCompile>
    <ClCompile Include="$(XmakeProjectDir)\vendor\glfw\src\xkb_unicode.c">
      <Filter>vendor\glfw\src</Filter>
    </ClCompile>




  </ItemGroup>
  <ItemGroup>

  </ItemGroup>
  <ItemGroup>




  </ItemGroup>
  <Import Condition="Exists('$(MSBuildThisFileDirectory)\Xmake.Custom.files.filters')"
    Project="$(MSBuildThisFileDirectory)\Xmake.Custom.files.filters" />
</Project>
